{
  "name": "extendscript-debugger-with-typescript",
  "version": "1.0.0",
  "lockfileVersion": 1,
  "requires": true,
  "dependencies": {
    "extendscript-es5-shim-ts": {
      "version": "0.0.1",
      "resolved": "https://registry.npmjs.org/extendscript-es5-shim-ts/-/extendscript-es5-shim-ts-0.0.1.tgz",
      "integrity": "sha1-3+jFH6k/TrTnaBrGwtx19FXW0WM=",
      "dev": true
    },
    "types-for-adobe": {
      "version": "github:ten-A/types-for-adobe#28e8bc2722c1a2102340c93834f59d4a39bb1219",
      "from": "github:ten-A/types-for-adobe",
      "dev": true
    },
    "typescript": {
      "version": "3.4.5",
      "resolved": "https://registry.npmjs.org/typescript/-/typescript-3.4.5.tgz",
      "integrity": "sha512-YycBxUb49UUhdNMU5aJ7z5Ej2XGmaIBL0x34vZ82fn3hGvD+bgrMrVDpatgz2f7YxUMJxMkbWxJZeAvDxVe7Vw==",
      "dev": true
    }
  }
}
